// !$*UTF8*$!
{
	archiveVersion = 1;
	classes = {
	};
	objectVersion = 46;
	objects = {

/* Begin PBXBuildFile section */
		ECDC9F3C1A422B5700A94510 /* AppDelegate.swift in Sources */ = {isa = PBXBuildFile; fileRef = ECDC9F3B1A422B5700A94510 /* AppDelegate.swift */; };
		ECDC9F3E1A422B5700A94510 /* ViewController.swift in Sources */ = {isa = PBXBuildFile; fileRef = ECDC9F3D1A422B5700A94510 /* ViewController.swift */; };
		ECDC9F411A422B5700A94510 /* Main.storyboard in Resources */ = {isa = PBXBuildFile; fileRef = ECDC9F3F1A422B5700A94510 /* Main.storyboard */; };
		ECDC9F431A422B5700A94510 /* Images.xcassets in Resources */ = {isa = PBXBuildFile; fileRef = ECDC9F421A422B5700A94510 /* Images.xcassets */; };
		ECDC9F461A422B5700A94510 /* LaunchScreen.xib in Resources */ = {isa = PBXBuildFile; fileRef = ECDC9F441A422B5700A94510 /* LaunchScreen.xib */; };
		ECDC9F521A422B5700A94510 /* Tic_Tac_ToeTests.swift in Sources */ = {isa = PBXBuildFile; fileRef = ECDC9F511A422B5700A94510 /* Tic_Tac_ToeTests.swift */; };
		ECDC9F641A422DB800A94510 /* TicTacGrid.png in Resources */ = {isa = PBXBuildFile; fileRef = ECDC9F611A422DB800A94510 /* TicTacGrid.png */; };
		ECDC9F651A422DB800A94510 /* TicTacO.png in Resources */ = {isa = PBXBuildFile; fileRef = ECDC9F621A422DB800A94510 /* TicTacO.png */; };
		ECDC9F661A422DB800A94510 /* TicTacX.png in Resources */ = {isa = PBXBuildFile; fileRef = ECDC9F631A422DB800A94510 /* TicTacX.png */; };
/* End PBXBuildFile section */

/* Begin PBXContainerItemProxy section */
		ECDC9F4C1A422B5700A94510 /* PBXContainerItemProxy */ = {
			isa = PBXContainerItemProxy;
			containerPortal = ECDC9F2E1A422B5700A94510 /* Project object */;
			proxyType = 1;
			remoteGlobalIDString = ECDC9F351A422B5700A94510;
			remoteInfo = "Tic Tac Toe";
		};
/* End PBXContainerItemProxy section */

/* Begin PBXFileReference section */
		ECDC9F361A422B5700A94510 /* Tic Tac Toe.app */ = {isa = PBXFileReference; explicitFileType = wrapper.application; includeInIndex = 0; path = "Tic Tac Toe.app"; sourceTree = BUILT_PRODUCTS_DIR; };
		ECDC9F3A1A422B5700A94510 /* Info.plist */ = {isa = PBXFileReference; lastKnownFileType = text.plist.xml; path = Info.plist; sourceTree = "<group>"; };
		ECDC9F3B1A422B5700A94510 /* AppDelegate.swift */ = {isa = PBXFileReference; lastKnownFileType = sourcecode.swift; path = AppDelegate.swift; sourceTree = "<group>"; };
		ECDC9F3D1A422B5700A94510 /* ViewController.swift */ = {isa = PBXFileReference; lastKnownFileType = sourcecode.swift; path = ViewController.swift; sourceTree = "<group>"; };
		ECDC9F401A422B5700A94510 /* Base */ = {isa = PBXFileReference; lastKnownFileType = file.storyboard; name = Base; path = Base.lproj/Main.storyboard; sourceTree = "<group>"; };
		ECDC9F421A422B5700A94510 /* Images.xcassets */ = {isa = PBXFileReference; lastKnownFileType = folder.assetcatalog; path = Images.xcassets; sourceTree = "<group>"; };
		ECDC9F451A422B5700A94510 /* Base */ = {isa = PBXFileReference; lastKnownFileType = file.xib; name = Base; path = Base.lproj/LaunchScreen.xib; sourceTree = "<group>"; };
		ECDC9F4B1A422B5700A94510 /* Tic Tac ToeTests.xctest */ = {isa = PBXFileReference; explicitFileType = wrapper.cfbundle; includeInIndex = 0; path = "Tic Tac ToeTests.xctest"; sourceTree = BUILT_PRODUCTS_DIR; };
		ECDC9F501A422B5700A94510 /* Info.plist */ = {isa = PBXFileReference; lastKnownFileType = text.plist.xml; path = Info.plist; sourceTree = "<group>"; };
		ECDC9F511A422B5700A94510 /* Tic_Tac_ToeTests.swift */ = {isa = PBXFileReference; lastKnownFileType = sourcecode.swift; path = Tic_Tac_ToeTests.swift; sourceTree = "<group>"; };
		ECDC9F611A422DB800A94510 /* TicTacGrid.png */ = {isa = PBXFileReference; lastKnownFileType = image.png; path = TicTacGrid.png; sourceTree = "<group>"; };
		ECDC9F621A422DB800A94510 /* TicTacO.png */ = {isa = PBXFileReference; lastKnownFileType = image.png; path = TicTacO.png; sourceTree = "<group>"; };
		ECDC9F631A422DB800A94510 /* TicTacX.png */ = {isa = PBXFileReference; lastKnownFileType = image.png; path = TicTacX.png; sourceTree = "<group>"; };
/* End PBXFileReference section */

/* Begin PBXFrameworksBuildPhase section */
		ECDC9F331A422B5700A94510 /* Frameworks */ = {
			isa = PBXFrameworksBuildPhase;
			buildActionMask = 2147483647;
			files = (
			);
			runOnlyForDeploymentPostprocessing = 0;
		};
		ECDC9F481A422B5700A94510 /* Frameworks */ = {
			isa = PBXFrameworksBuildPhase;
			buildActionMask = 2147483647;
			files = (
			);
			runOnlyForDeploymentPostprocessing = 0;
		};
/* End PBXFrameworksBuildPhase section */

/* Begin PBXGroup section */
		ECDC9F2D1A422B5700A94510 = {
			isa = PBXGroup;
			children = (
				ECDC9F381A422B5700A94510 /* Tic Tac Toe */,
				ECDC9F4E1A422B5700A94510 /* Tic Tac ToeTests */,
				ECDC9F371A422B5700A94510 /* Products */,
			);
			sourceTree = "<group>";
		};
		ECDC9F371A422B5700A94510 /* Products */ = {
			isa = PBXGroup;
			children = (
				ECDC9F361A422B5700A94510 /* Tic Tac Toe.app */,
				ECDC9F4B1A422B5700A94510 /* Tic Tac ToeTests.xctest */,
			);
			name = Products;
			sourceTree = "<group>";
		};
		ECDC9F381A422B5700A94510 /* Tic Tac Toe */ = {
			isa = PBXGroup;
			children = (
				ECDC9F3B1A422B5700A94510 /* AppDelegate.swift */,
				ECDC9F3D1A422B5700A94510 /* ViewController.swift */,
				ECDC9F3F1A422B5700A94510 /* Main.storyboard */,
				ECDC9F421A422B5700A94510 /* Images.xcassets */,
				ECDC9F441A422B5700A94510 /* LaunchScreen.xib */,
				ECDC9F391A422B5700A94510 /* Supporting Files */,
			);
			path = "Tic Tac Toe";
			sourceTree = "<group>";
		};
		ECDC9F391A422B5700A94510 /* Supporting Files */ = {
			isa = PBXGroup;
			children = (
				ECDC9F611A422DB800A94510 /* TicTacGrid.png */,
				ECDC9F621A422DB800A94510 /* TicTacO.png */,
				ECDC9F631A422DB800A94510 /* TicTacX.png */,
				ECDC9F3A1A422B5700A94510 /* Info.plist */,
			);
			name = "Supporting Files";
			sourceTree = "<group>";
		};
		ECDC9F4E1A422B5700A94510 /* Tic Tac ToeTests */ = {
			isa = PBXGroup;
			children = (
				ECDC9F511A422B5700A94510 /* Tic_Tac_ToeTests.swift */,
				ECDC9F4F1A422B5700A94510 /* Supporting Files */,
			);
			path = "Tic Tac ToeTests";
			sourceTree = "<group>";
		};
		ECDC9F4F1A422B5700A94510 /* Supporting Files */ = {
			isa = PBXGroup;
			children = (
				ECDC9F501A422B5700A94510 /* Info.plist */,
			);
			name = "Supporting Files";
			sourceTree = "<group>";
		};
/* End PBXGroup section */

/* Begin PBXNativeTarget section */
		ECDC9F351A422B5700A94510 /* Tic Tac Toe */ = {
			isa = PBXNativeTarget;
			buildConfigurationList = ECDC9F551A422B5700A94510 /* Build configuration list for PBXNativeTarget "Tic Tac Toe" */;
			buildPhases = (
				ECDC9F321A422B5700A94510 /* Sources */,
				ECDC9F331A422B5700A94510 /* Frameworks */,
				ECDC9F341A422B5700A94510 /* Resources */,
			);
			buildRules = (
			);
			dependencies = (
			);
			name = "Tic Tac Toe";
			productName = "Tic Tac Toe";
			productReference = ECDC9F361A422B5700A94510 /* Tic Tac Toe.app */;
			productType = "com.apple.product-type.application";
		};
		ECDC9F4A1A422B5700A94510 /* Tic Tac ToeTests */ = {
			isa = PBXNativeTarget;
			buildConfigurationList = ECDC9F581A422B5700A94510 /* Build configuration list for PBXNativeTarget "Tic Tac ToeTests" */;
			buildPhases = (
				ECDC9F471A422B5700A94510 /* Sources */,
				ECDC9F481A422B5700A94510 /* Frameworks */,
				ECDC9F491A422B5700A94510 /* Resources */,
			);
			buildRules = (
			);
			dependencies = (
				ECDC9F4D1A422B5700A94510 /* PBXTargetDependency */,
			);
			name = "Tic Tac ToeTests";
			productName = "Tic Tac ToeTests";
			productReference = ECDC9F4B1A422B5700A94510 /* Tic Tac ToeTests.xctest */;
			productType = "com.apple.product-type.bundle.unit-test";
		};
/* End PBXNativeTarget section */

/* Begin PBXProject section */
		ECDC9F2E1A422B5700A94510 /* Project object */ = {
			isa = PBXProject;
			attributes = {
				LastUpgradeCheck = 0610;
				ORGANIZATIONNAME = "Patrick Landin";
				TargetAttributes = {
					ECDC9F351A422B5700A94510 = {
						CreatedOnToolsVersion = 6.1.1;
					};
					ECDC9F4A1A422B5700A94510 = {
						CreatedOnToolsVersion = 6.1.1;
						TestTargetID = ECDC9F351A422B5700A94510;
					};
				};
			};
			buildConfigurationList = ECDC9F311A422B5700A94510 /* Build configuration list for PBXProject "Tic Tac Toe" */;
			compatibilityVersion = "Xcode 3.2";
			developmentRegion = English;
			hasScannedForEncodings = 0;
			knownRegions = (
				en,
				Base,
			);
			mainGroup = ECDC9F2D1A422B5700A94510;
			productRefGroup = ECDC9F371A422B5700A94510 /* Products */;
			projectDirPath = "";
			projectRoot = "";
			targets = (
				ECDC9F351A422B5700A94510 /* Tic Tac Toe */,
				ECDC9F4A1A422B5700A94510 /* Tic Tac ToeTests */,
			);
		};
/* End PBXProject section */

/* Begin PBXResourcesBuildPhase section */
		ECDC9F341A422B5700A94510 /* Resources */ = {
			isa = PBXResourcesBuildPhase;
			buildActionMask = 2147483647;
			files = (
				ECDC9F661A422DB800A94510 /* TicTacX.png in Resources */,
				ECDC9F411A422B5700A94510 /* Main.storyboard in Resources */,
				ECDC9F461A422B5700A94510 /* LaunchScreen.xib in Resources */,
				ECDC9F431A422B5700A94510 /* Images.xcassets in Resources */,
				ECDC9F641A422DB800A94510 /* TicTacGrid.png in Resources */,
				ECDC9F651A422DB800A94510 /* TicTacO.png in Resources */,
			);
			runOnlyForDeploymentPostprocessing = 0;
		};
		ECDC9F491A422B5700A94510 /* Resources */ = {
			isa = PBXResourcesBuildPhase;
			buildActionMask = 2147483647;
			files = (
			);
			runOnlyForDeploymentPostprocessing = 0;
		};
/* End PBXResourcesBuildPhase section */

/* Begin PBXSourcesBuildPhase section */
		ECDC9F321A422B5700A94510 /* Sources */ = {
			isa = PBXSourcesBuildPhase;
			buildActionMask = 2147483647;
			files = (
				ECDC9F3E1A422B5700A94510 /* ViewController.swift in Sources */,
				ECDC9F3C1A422B5700A94510 /* AppDelegate.swift in Sources */,
			);
			runOnlyForDeploymentPostprocessing = 0;
		};
		ECDC9F471A422B5700A94510 /* Sources */ = {
			isa = PBXSourcesBuildPhase;
			buildActionMask = 2147483647;
			files = (
				ECDC9F521A422B5700A94510 /* Tic_Tac_ToeTests.swift in Sources */,
			);
			runOnlyForDeploymentPostprocessing = 0;
		};
/* End PBXSourcesBuildPhase section */

/* Begin PBXTargetDependency section */
		ECDC9F4D1A422B5700A94510 /* PBXTargetDependency */ = {
			isa = PBXTargetDependency;
			target = ECDC9F351A422B5700A94510 /* Tic Tac Toe */;
			targetProxy = ECDC9F4C1A422B5700A94510 /* PBXContainerItemProxy */;
		};
/* End PBXTargetDependency section */

/* Begin PBXVariantGroup section */
		ECDC9F3F1A422B5700A94510 /* Main.storyboard */ = {
			isa = PBXVariantGroup;
			children = (
				ECDC9F401A422B5700A94510 /* Base */,
			);
			name = Main.storyboard;
			sourceTree = "<group>";
		};
		ECDC9F441A422B5700A94510 /* LaunchScreen.xib */ = {
			isa = PBXVariantGroup;
			children = (
				ECDC9F451A422B5700A94510 /* Base */,
			);
			name = LaunchScreen.xib;
			sourceTree = "<group>";
		};
/* End PBXVariantGroup section */

/* Begin XCBuildConfiguration section */
		ECDC9F531A422B5700A94510 /* Debug */ = {
			isa = XCBuildConfiguration;
			buildSettings = {
				ALWAYS_SEARCH_USER_PATHS = NO;
				CLANG_CXX_LANGUAGE_STANDARD = "gnu++0x";
				CLANG_CXX_LIBRARY = "libc++";
				CLANG_ENABLE_MODULES = YES;
				CLANG_ENABLE_OBJC_ARC = YES;
				CLANG_WARN_BOOL_CONVERSION = YES;
				CLANG_WARN_CONSTANT_CONVERSION = YES;
				CLANG_WARN_DIRECT_OBJC_ISA_USAGE = YES_ERROR;
				CLANG_WARN_EMPTY_BODY = YES;
				CLANG_WARN_ENUM_CONVERSION = YES;
				CLANG_WARN_INT_CONVERSION = YES;
				CLANG_WARN_OBJC_ROOT_CLASS = YES_ERROR;
				CLANG_WARN_UNREACHABLE_CODE = YES;
				CLANG_WARN__DUPLICATE_METHOD_MATCH = YES;
				"CODE_SIGN_IDENTITY[sdk=iphoneos*]" = "iPhone Developer";
				COPY_PHASE_STRIP = NO;
				ENABLE_STRICT_OBJC_MSGSEND = YES;
				GCC_C_LANGUAGE_STANDARD = gnu99;
				GCC_DYNAMIC_NO_PIC = NO;
				GCC_OPTIMIZATION_LEVEL = 0;
				GCC_PREPROCESSOR_DEFINITIONS = (
					"DEBUG=1",
					"$(inherited)",
				);
				GCC_SYMBOLS_PRIVATE_EXTERN = NO;
				GCC_WARN_64_TO_32_BIT_CONVERSION = YES;
				GCC_WARN_ABOUT_RETURN_TYPE = YES_ERROR;
				GCC_WARN_UNDECLARED_SELECTOR = YES;
				GCC_WARN_UNINITIALIZED_AUTOS = YES_AGGRESSIVE;
				GCC_WARN_UNUSED_FUNCTION = YES;
				GCC_WARN_UNUSED_VARIABLE = YES;
				IPHONEOS_DEPLOYMENT_TARGET = 8.1;
				MTL_ENABLE_DEBUG_INFO = YES;
				ONLY_ACTIVE_ARCH = YES;
				SDKROOT = iphoneos;
				SWIFT_OPTIMIZATION_LEVEL = "-Onone";
			};
			name = Debug;
		};
		ECDC9F541A422B5700A94510 /* Release */ = {
			isa = XCBuildConfiguration;
			buildSettings = {
				ALWAYS_SEARCH_USER_PATHS = NO;
				CLANG_CXX_LANGUAGE_STANDARD = "gnu++0x";
				CLANG_CXX_LIBRARY = "libc++";
				CLANG_ENABLE_MODULES = YES;
				CLANG_ENABLE_OBJC_ARC = YES;
				CLANG_WARN_BOOL_CONVERSION = YES;
				CLANG_WARN_CONSTANT_CONVERSION = YES;
				CLANG_WARN_DIRECT_OBJC_ISA_USAGE = YES_ERROR;
				CLANG_WARN_EMPTY_BODY = YES;
				CLANG_WARN_ENUM_CONVERSION = YES;
				CLANG_WARN_INT_CONVERSION = YES;
				CLANG_WARN_OBJC_ROOT_CLASS = YES_ERROR;
				CLANG_WARN_UNREACHABLE_CODE = YES;
				CLANG_WARN__DUPLICATE_METHOD_MATCH = YES;
				"CODE_SIGN_IDENTITY[sdk=iphoneos*]" = "iPhone Developer";
				COPY_PHASE_STRIP = YES;
				ENABLE_NS_ASSERTIONS = NO;
				ENABLE_STRICT_OBJC_MSGSEND = YES;
				GCC_C_LANGUAGE_STANDARD = gnu99;
				GCC_WARN_64_TO_32_BIT_CONVERSION = YES;
				GCC_WARN_ABOUT_RETURN_TYPE = YES_ERROR;
				GCC_WARN_UNDECLARED_SELECTOR = YES;
				GCC_WARN_UNINITIALIZED_AUTOS = YES_AGGRESSIVE;
				GCC_WARN_UNUSED_FUNCTION = YES;
				GCC_WARN_UNUSED_VARIABLE = YES;
				IPHONEOS_DEPLOYMENT_TARGET = 8.1;
				MTL_ENABLE_DEBUG_INFO = NO;
				SDKROOT = iphoneos;
				VALIDATE_PRODUCT = YES;
			};
			name = Release;
		};
		ECDC9F561A422B5700A94510 /* Debug */ = {
			isa = XCBuildConfiguration;
			buildSettings = {
				ASSETCATALOG_COMPILER_APPICON_NAME = AppIcon;
				INFOPLIST_FILE = "Tic Tac Toe/Info.plist";
				LD_RUNPATH_SEARCH_PATHS = "$(inherited) @executable_path/Frameworks";
				PRODUCT_NAME = "$(TARGET_NAME)";
			};
			name = Debug;
		};
		ECDC9F571A422B5700A94510 /* Release */ = {
			isa = XCBuildConfiguration;
			buildSettings = {
				ASSETCATALOG_COMPILER_APPICON_NAME = AppIcon;
				INFOPLIST_FILE = "Tic Tac Toe/Info.plist";
				LD_RUNPATH_SEARCH_PATHS = "$(inherited) @executable_path/Frameworks";
				PRODUCT_NAME = "$(TARGET_NAME)";
			};
			name = Release;
		};
		ECDC9F591A422B5700A94510 /* Debug */ = {
			isa = XCBuildConfiguration;
			buildSettings = {
				BUNDLE_LOADER = "$(TEST_HOST)";
				FRAMEWORK_SEARCH_PATHS = (
					"$(SDKROOT)/Developer/Library/Frameworks",
					"$(inherited)",
				);
				GCC_PREPROCESSOR_DEFINITIONS = (
					"DEBUG=1",
					"$(inherited)",
				);
				INFOPLIST_FILE = "Tic Tac ToeTests/Info.plist";
				LD_RUNPATH_SEARCH_PATHS = "$(inherited) @executable_path/Frameworks @loader_path/Frameworks";
				PRODUCT_NAME = "$(TARGET_NAME)";
				TEST_HOST = "$(BUILT_PRODUCTS_DIR)/Tic Tac Toe.app/Tic Tac Toe";
			};
			name = Debug;
		};
		ECDC9F5A1A422B5700A94510 /* Release */ = {
			isa = XCBuildConfiguration;
			buildSettings = {
				BUNDLE_LOADER = "$(TEST_HOST)";
				FRAMEWORK_SEARCH_PATHS = (
					"$(SDKROOT)/Developer/Library/Frameworks",
					"$(inherited)",
				);
				INFOPLIST_FILE = "Tic Tac ToeTests/Info.plist";
				LD_RUNPATH_SEARCH_PATHS = "$(inherited) @executable_path/Frameworks @loader_path/Frameworks";
				PRODUCT_NAME = "$(TARGET_NAME)";
				TEST_HOST = "$(BUILT_PRODUCTS_DIR)/Tic Tac Toe.app/Tic Tac Toe";
			};
			name = Release;
		};
/* End XCBuildConfiguration section */

/* Begin XCConfigurationList section */
		ECDC9F311A422B5700A94510 /* Build configuration list for PBXProject "Tic Tac Toe" */ = {
			isa = XCConfigurationList;
			buildConfigurations = (
				ECDC9F531A422B5700A94510 /* Debug */,
				ECDC9F541A422B5700A94510 /* Release */,
			);
			defaultConfigurationIsVisible = 0;
			defaultConfigurationName = Release;
		};
		ECDC9F551A422B5700A94510 /* Build configuration list for PBXNativeTarget "Tic Tac Toe" */ = {
			isa = XCConfigurationList;
			buildConfigurations = (
				ECDC9F561A422B5700A94510 /* Debug */,
				ECDC9F571A422B5700A94510 /* Release */,
			);
			defaultConfigurationIsVisible = 0;
		};
		ECDC9F581A422B5700A94510 /* Build configuration list for PBXNativeTarget "Tic Tac ToeTests" */ = {
			isa = XCConfigurationList;
			buildConfigurations = (
				ECDC9F591A422B5700A94510 /* Debug */,
				ECDC9F5A1A422B5700A94510 /* Release */,
			);
			defaultConfigurationIsVisible = 0;
		};
/* End XCConfigurationList section */
	};
	rootObject = ECDC9F2E1A422B5700A94510 /* Project object */;
}
